Microsoft Visual Studio Solution File, Format Version 11.00
# Visual Studio 2008

Project("{E09FBEB1-80AA-37F9-61FE-2667C7D196B9}") = "chapter04", "Assembly-CSharp-firstpass.csproj", "{F7053FA0-3226-2093-27C0-4A516996C3B1}"
EndProject
Project("{E09FBEB1-80AA-37F9-61FE-2667C7D196B9}") = "chapter04", "Assembly-CSharp-Editor.csproj", "{6C874AAA-AE80-B5A1-9C8D-C3409D5529BC}"
EndProject
Global
	GlobalSection(SolutionConfigurationPlatforms) = preSolution
		Debug|Any CPU = Debug|Any CPU
		Release|Any CPU = Release|Any CPU
	EndGlobalSection
	GlobalSection(ProjectConfigurationPlatforms) = postSolution
		{F7053FA0-3226-2093-27C0-4A516996C3B1}.Debug|Any CPU.ActiveCfg = Debug|Any CPU
		{F7053FA0-3226-2093-27C0-4A516996C3B1}.Debug|Any CPU.Build.0 = Debug|Any CPU
		{F7053FA0-3226-2093-27C0-4A516996C3B1}.Release|Any CPU.ActiveCfg = Release|Any CPU
		{F7053FA0-3226-2093-27C0-4A516996C3B1}.Release|Any CPU.Build.0 = Release|Any CPU
		{6C874AAA-AE80-B5A1-9C8D-C3409D5529BC}.Debug|Any CPU.ActiveCfg = Debug|Any CPU
		{6C874AAA-AE80-B5A1-9C8D-C3409D5529BC}.Debug|Any CPU.Build.0 = Debug|Any CPU
		{6C874AAA-AE80-B5A1-9C8D-C3409D5529BC}.Release|Any CPU.ActiveCfg = Release|Any CPU
		{6C874AAA-AE80-B5A1-9C8D-C3409D5529BC}.Release|Any CPU.Build.0 = Release|Any CPU
	EndGlobalSection
	GlobalSection(SolutionProperties) = preSolution
		HideSolutionNode = FALSE
	EndGlobalSection
	GlobalSection(MonoDevelopProperties) = preSolution
		StartupItem = Assembly-CSharp.csproj
	EndGlobalSection
EndGlobal
