Microsoft Visual Studio Solution File, Format Version 11.00
# Visual Studio 2008

Project("{996AF40C-8FEC-9FFC-E07A-19603940265D}") = "chapte10", "Assembly-CSharp-firstpass.csproj", "{7BF26F4C-1E09-4839-4DB7-55201E5F39C8}"
EndProject
Project("{996AF40C-8FEC-9FFC-E07A-19603940265D}") = "chapte10", "Assembly-CSharp.csproj", "{AE0B3C9A-F9B0-4576-4550-2D86BF022B84}"
EndProject
Project("{996AF40C-8FEC-9FFC-E07A-19603940265D}") = "chapte10", "Assembly-CSharp-Editor.csproj", "{A8E0A531-5056-31C3-B2F3-BE4558AB6191}"
EndProject
Global
	GlobalSection(SolutionConfigurationPlatforms) = preSolution
		Debug|Any CPU = Debug|Any CPU
		Release|Any CPU = Release|Any CPU
	EndGlobalSection
	GlobalSection(ProjectConfigurationPlatforms) = postSolution
		{7BF26F4C-1E09-4839-4DB7-55201E5F39C8}.Debug|Any CPU.ActiveCfg = Debug|Any CPU
		{7BF26F4C-1E09-4839-4DB7-55201E5F39C8}.Debug|Any CPU.Build.0 = Debug|Any CPU
		{7BF26F4C-1E09-4839-4DB7-55201E5F39C8}.Release|Any CPU.ActiveCfg = Release|Any CPU
		{7BF26F4C-1E09-4839-4DB7-55201E5F39C8}.Release|Any CPU.Build.0 = Release|Any CPU
		{AE0B3C9A-F9B0-4576-4550-2D86BF022B84}.Debug|Any CPU.ActiveCfg = Debug|Any CPU
		{AE0B3C9A-F9B0-4576-4550-2D86BF022B84}.Debug|Any CPU.Build.0 = Debug|Any CPU
		{AE0B3C9A-F9B0-4576-4550-2D86BF022B84}.Release|Any CPU.ActiveCfg = Release|Any CPU
		{AE0B3C9A-F9B0-4576-4550-2D86BF022B84}.Release|Any CPU.Build.0 = Release|Any CPU
		{A8E0A531-5056-31C3-B2F3-BE4558AB6191}.Debug|Any CPU.ActiveCfg = Debug|Any CPU
		{A8E0A531-5056-31C3-B2F3-BE4558AB6191}.Debug|Any CPU.Build.0 = Debug|Any CPU
		{A8E0A531-5056-31C3-B2F3-BE4558AB6191}.Release|Any CPU.ActiveCfg = Release|Any CPU
		{A8E0A531-5056-31C3-B2F3-BE4558AB6191}.Release|Any CPU.Build.0 = Release|Any CPU
	EndGlobalSection
	GlobalSection(SolutionProperties) = preSolution
		HideSolutionNode = FALSE
	EndGlobalSection
	GlobalSection(MonoDevelopProperties) = preSolution
		StartupItem = Assembly-CSharp.csproj
	EndGlobalSection
EndGlobal
