Microsoft Visual Studio Solution File, Format Version 11.00
# Visual Studio 2008

Project("{A6EC8405-0CBB-1CE1-3A4C-A4E9A144C592}") = "chapter10", "Assembly-CSharp-firstpass.csproj", "{D5C4F3CE-57FA-4E4E-1514-F4DF566CB404}"
EndProject
Project("{A6EC8405-0CBB-1CE1-3A4C-A4E9A144C592}") = "chapter10", "Assembly-CSharp.csproj", "{51EFD148-400B-4DFE-ADBD-FAEDB664F229}"
EndProject
Project("{A6EC8405-0CBB-1CE1-3A4C-A4E9A144C592}") = "chapter10", "Assembly-CSharp-Editor.csproj", "{083CC4CD-DDDB-03E0-C6B1-B9C9D6F012C9}"
EndProject
Global
	GlobalSection(SolutionConfigurationPlatforms) = preSolution
		Debug|Any CPU = Debug|Any CPU
		Release|Any CPU = Release|Any CPU
	EndGlobalSection
	GlobalSection(ProjectConfigurationPlatforms) = postSolution
		{D5C4F3CE-57FA-4E4E-1514-F4DF566CB404}.Debug|Any CPU.ActiveCfg = Debug|Any CPU
		{D5C4F3CE-57FA-4E4E-1514-F4DF566CB404}.Debug|Any CPU.Build.0 = Debug|Any CPU
		{D5C4F3CE-57FA-4E4E-1514-F4DF566CB404}.Release|Any CPU.ActiveCfg = Release|Any CPU
		{D5C4F3CE-57FA-4E4E-1514-F4DF566CB404}.Release|Any CPU.Build.0 = Release|Any CPU
		{51EFD148-400B-4DFE-ADBD-FAEDB664F229}.Debug|Any CPU.ActiveCfg = Debug|Any CPU
		{51EFD148-400B-4DFE-ADBD-FAEDB664F229}.Debug|Any CPU.Build.0 = Debug|Any CPU
		{51EFD148-400B-4DFE-ADBD-FAEDB664F229}.Release|Any CPU.ActiveCfg = Release|Any CPU
		{51EFD148-400B-4DFE-ADBD-FAEDB664F229}.Release|Any CPU.Build.0 = Release|Any CPU
		{083CC4CD-DDDB-03E0-C6B1-B9C9D6F012C9}.Debug|Any CPU.ActiveCfg = Debug|Any CPU
		{083CC4CD-DDDB-03E0-C6B1-B9C9D6F012C9}.Debug|Any CPU.Build.0 = Debug|Any CPU
		{083CC4CD-DDDB-03E0-C6B1-B9C9D6F012C9}.Release|Any CPU.ActiveCfg = Release|Any CPU
		{083CC4CD-DDDB-03E0-C6B1-B9C9D6F012C9}.Release|Any CPU.Build.0 = Release|Any CPU
	EndGlobalSection
	GlobalSection(SolutionProperties) = preSolution
		HideSolutionNode = FALSE
	EndGlobalSection
	GlobalSection(MonoDevelopProperties) = preSolution
		StartupItem = Assembly-CSharp.csproj
	EndGlobalSection
EndGlobal
