Microsoft Visual Studio Solution File, Format Version 11.00
# Visual Studio 2008

Project("{D13D5E63-C80A-5500-EB02-6423DD99F981}") = "chapter09", "Assembly-CSharp-firstpass.csproj", "{E4C46CB1-3DB3-161D-8536-91A463715382}"
EndProject
Project("{D13D5E63-C80A-5500-EB02-6423DD99F981}") = "chapter09", "Assembly-CSharp.csproj", "{8E0FA71D-49E9-AA4E-E76D-74A7DA4A7867}"
EndProject
Project("{D13D5E63-C80A-5500-EB02-6423DD99F981}") = "chapter09", "Assembly-CSharp-Editor.csproj", "{71487E13-7830-DAD5-1F33-9BFE3734397B}"
EndProject
Global
	GlobalSection(SolutionConfigurationPlatforms) = preSolution
		Debug|Any CPU = Debug|Any CPU
		Release|Any CPU = Release|Any CPU
	EndGlobalSection
	GlobalSection(ProjectConfigurationPlatforms) = postSolution
		{E4C46CB1-3DB3-161D-8536-91A463715382}.Debug|Any CPU.ActiveCfg = Debug|Any CPU
		{E4C46CB1-3DB3-161D-8536-91A463715382}.Debug|Any CPU.Build.0 = Debug|Any CPU
		{E4C46CB1-3DB3-161D-8536-91A463715382}.Release|Any CPU.ActiveCfg = Release|Any CPU
		{E4C46CB1-3DB3-161D-8536-91A463715382}.Release|Any CPU.Build.0 = Release|Any CPU
		{8E0FA71D-49E9-AA4E-E76D-74A7DA4A7867}.Debug|Any CPU.ActiveCfg = Debug|Any CPU
		{8E0FA71D-49E9-AA4E-E76D-74A7DA4A7867}.Debug|Any CPU.Build.0 = Debug|Any CPU
		{8E0FA71D-49E9-AA4E-E76D-74A7DA4A7867}.Release|Any CPU.ActiveCfg = Release|Any CPU
		{8E0FA71D-49E9-AA4E-E76D-74A7DA4A7867}.Release|Any CPU.Build.0 = Release|Any CPU
		{71487E13-7830-DAD5-1F33-9BFE3734397B}.Debug|Any CPU.ActiveCfg = Debug|Any CPU
		{71487E13-7830-DAD5-1F33-9BFE3734397B}.Debug|Any CPU.Build.0 = Debug|Any CPU
		{71487E13-7830-DAD5-1F33-9BFE3734397B}.Release|Any CPU.ActiveCfg = Release|Any CPU
		{71487E13-7830-DAD5-1F33-9BFE3734397B}.Release|Any CPU.Build.0 = Release|Any CPU
	EndGlobalSection
	GlobalSection(SolutionProperties) = preSolution
		HideSolutionNode = FALSE
	EndGlobalSection
	GlobalSection(MonoDevelopProperties) = preSolution
		StartupItem = Assembly-CSharp.csproj
	EndGlobalSection
EndGlobal
