Microsoft Visual Studio Solution File, Format Version 11.00
# Visual Studio 2008

Project("{3781EA93-3D37-14A9-05A7-C699F1F0E95D}") = "chapter08", "Assembly-CSharp-firstpass.csproj", "{1A7074B5-A630-3ECA-04E9-44F1CC683291}"
EndProject
Project("{3781EA93-3D37-14A9-05A7-C699F1F0E95D}") = "chapter08", "Assembly-CSharp.csproj", "{200F610D-D588-5AFF-96EF-6E439F476097}"
EndProject
Project("{3781EA93-3D37-14A9-05A7-C699F1F0E95D}") = "chapter08", "Assembly-CSharp-Editor.csproj", "{5A484FFC-A983-C555-FC2B-3C5BAF153412}"
EndProject
Global
	GlobalSection(SolutionConfigurationPlatforms) = preSolution
		Debug|Any CPU = Debug|Any CPU
		Release|Any CPU = Release|Any CPU
	EndGlobalSection
	GlobalSection(ProjectConfigurationPlatforms) = postSolution
		{1A7074B5-A630-3ECA-04E9-44F1CC683291}.Debug|Any CPU.ActiveCfg = Debug|Any CPU
		{1A7074B5-A630-3ECA-04E9-44F1CC683291}.Debug|Any CPU.Build.0 = Debug|Any CPU
		{1A7074B5-A630-3ECA-04E9-44F1CC683291}.Release|Any CPU.ActiveCfg = Release|Any CPU
		{1A7074B5-A630-3ECA-04E9-44F1CC683291}.Release|Any CPU.Build.0 = Release|Any CPU
		{200F610D-D588-5AFF-96EF-6E439F476097}.Debug|Any CPU.ActiveCfg = Debug|Any CPU
		{200F610D-D588-5AFF-96EF-6E439F476097}.Debug|Any CPU.Build.0 = Debug|Any CPU
		{200F610D-D588-5AFF-96EF-6E439F476097}.Release|Any CPU.ActiveCfg = Release|Any CPU
		{200F610D-D588-5AFF-96EF-6E439F476097}.Release|Any CPU.Build.0 = Release|Any CPU
		{5A484FFC-A983-C555-FC2B-3C5BAF153412}.Debug|Any CPU.ActiveCfg = Debug|Any CPU
		{5A484FFC-A983-C555-FC2B-3C5BAF153412}.Debug|Any CPU.Build.0 = Debug|Any CPU
		{5A484FFC-A983-C555-FC2B-3C5BAF153412}.Release|Any CPU.ActiveCfg = Release|Any CPU
		{5A484FFC-A983-C555-FC2B-3C5BAF153412}.Release|Any CPU.Build.0 = Release|Any CPU
	EndGlobalSection
	GlobalSection(SolutionProperties) = preSolution
		HideSolutionNode = FALSE
	EndGlobalSection
	GlobalSection(MonoDevelopProperties) = preSolution
		StartupItem = Assembly-CSharp.csproj
	EndGlobalSection
EndGlobal
